// !$*UTF8*$!
{
	archiveVersion = 1;
	classes = {
	};
	objectVersion = 56;
	objects = {

/* Begin PBXBuildFile section */
		7B1C2B9029EAEF8D006E7946 /* moviePopcornApp.swift in Sources */ = {isa = PBXBuildFile; fileRef = 7B1C2B8F29EAEF8D006E7946 /* moviePopcornApp.swift */; };
		7B1C2B9229EAEF8D006E7946 /* ContentView.swift in Sources */ = {isa = PBXBuildFile; fileRef = 7B1C2B9129EAEF8D006E7946 /* ContentView.swift */; };
		7B1C2B9429EAEF8F006E7946 /* Assets.xcassets in Resources */ = {isa = PBXBuildFile; fileRef = 7B1C2B9329EAEF8F006E7946 /* Assets.xcassets */; };
		7B1C2B9729EAEF90006E7946 /* Preview Assets.xcassets in Resources */ = {isa = PBXBuildFile; fileRef = 7B1C2B9629EAEF90006E7946 /* Preview Assets.xcassets */; };
		7B1C2BA129EAEF90006E7946 /* moviePopcornTests.swift in Sources */ = {isa = PBXBuildFile; fileRef = 7B1C2BA029EAEF90006E7946 /* moviePopcornTests.swift */; };
		7B1C2BAB29EAEF90006E7946 /* moviePopcornUITests.swift in Sources */ = {isa = PBXBuildFile; fileRef = 7B1C2BAA29EAEF90006E7946 /* moviePopcornUITests.swift */; };
		7B1C2BAD29EAEF90006E7946 /* moviePopcornUITestsLaunchTests.swift in Sources */ = {isa = PBXBuildFile; fileRef = 7B1C2BAC29EAEF90006E7946 /* moviePopcornUITestsLaunchTests.swift */; };
		7B1C2BBB29EAEFA0006E7946 /* SlidingTabView in Frameworks */ = {isa = PBXBuildFile; productRef = 7B1C2BBA29EAEFA0006E7946 /* SlidingTabView */; };
		7B1C2BBD29EAF15F006E7946 /* SplashScreenView.swift in Sources */ = {isa = PBXBuildFile; fileRef = 7B1C2BBC29EAF15F006E7946 /* SplashScreenView.swift */; };
		7B1C2BC029EAF198006E7946 /* BookmarkedView.swift in Sources */ = {isa = PBXBuildFile; fileRef = 7B1C2BBF29EAF198006E7946 /* BookmarkedView.swift */; };
		7B1C2BC229EAF1AF006E7946 /* MovieDetailView.swift in Sources */ = {isa = PBXBuildFile; fileRef = 7B1C2BC129EAF1AF006E7946 /* MovieDetailView.swift */; };
		7B1C2BC429EAF1BA006E7946 /* SearchMoviesView.swift in Sources */ = {isa = PBXBuildFile; fileRef = 7B1C2BC329EAF1BA006E7946 /* SearchMoviesView.swift */; };
		7B1C2BC729EAF1EC006E7946 /* DiscoverView.swift in Sources */ = {isa = PBXBuildFile; fileRef = 7B1C2BC629EAF1EC006E7946 /* DiscoverView.swift */; };
		7B1C2BC929EAF20C006E7946 /* SlidingCard.swift in Sources */ = {isa = PBXBuildFile; fileRef = 7B1C2BC829EAF20C006E7946 /* SlidingCard.swift */; };
		7B1C2BCB29EAF227006E7946 /* SlidingView.swift in Sources */ = {isa = PBXBuildFile; fileRef = 7B1C2BCA29EAF227006E7946 /* SlidingView.swift */; };
		7B1C2BCD29EAF243006E7946 /* TrendingCard.swift in Sources */ = {isa = PBXBuildFile; fileRef = 7B1C2BCC29EAF243006E7946 /* TrendingCard.swift */; };
		7B1C2BD029EAF2CC006E7946 /* Movie.swift in Sources */ = {isa = PBXBuildFile; fileRef = 7B1C2BCF29EAF2CC006E7946 /* Movie.swift */; };
		7B1C2BD229EAF2E3006E7946 /* Bookmarked.swift in Sources */ = {isa = PBXBuildFile; fileRef = 7B1C2BD129EAF2E3006E7946 /* Bookmarked.swift */; };
		7B1C2BD429EAF2F5006E7946 /* MovieDetailsViewModel.swift in Sources */ = {isa = PBXBuildFile; fileRef = 7B1C2BD329EAF2F5006E7946 /* MovieDetailsViewModel.swift */; };
		7B1C2BD629EAF306006E7946 /* MovieDiscoverViewModel.swift in Sources */ = {isa = PBXBuildFile; fileRef = 7B1C2BD529EAF306006E7946 /* MovieDiscoverViewModel.swift */; };
		7B1C2BD829EAF317006E7946 /* Results.swift in Sources */ = {isa = PBXBuildFile; fileRef = 7B1C2BD729EAF317006E7946 /* Results.swift */; };
/* End PBXBuildFile section */

/* Begin PBXContainerItemProxy section */
		7B1C2B9D29EAEF90006E7946 /* PBXContainerItemProxy */ = {
			isa = PBXContainerItemProxy;
			containerPortal = 7B1C2B8429EAEF8D006E7946 /* Project object */;
			proxyType = 1;
			remoteGlobalIDString = 7B1C2B8B29EAEF8D006E7946;
			remoteInfo = moviePopcorn;
		};
		7B1C2BA729EAEF90006E7946 /* PBXContainerItemProxy */ = {
			isa = PBXContainerItemProxy;
			containerPortal = 7B1C2B8429EAEF8D006E7946 /* Project object */;
			proxyType = 1;
			remoteGlobalIDString = 7B1C2B8B29EAEF8D006E7946;
			remoteInfo = moviePopcorn;
		};
/* End PBXContainerItemProxy section */

/* Begin PBXFileReference section */
		7B1C2B8C29EAEF8D006E7946 /* moviePopcorn.app */ = {isa = PBXFileReference; explicitFileType = wrapper.application; includeInIndex = 0; path = moviePopcorn.app; sourceTree = BUILT_PRODUCTS_DIR; };
		7B1C2B8F29EAEF8D006E7946 /* moviePopcornApp.swift */ = {isa = PBXFileReference; lastKnownFileType = sourcecode.swift; path = moviePopcornApp.swift; sourceTree = "<group>"; };
		7B1C2B9129EAEF8D006E7946 /* ContentView.swift */ = {isa = PBXFileReference; lastKnownFileType = sourcecode.swift; path = ContentView.swift; sourceTree = "<group>"; };
		7B1C2B9329EAEF8F006E7946 /* Assets.xcassets */ = {isa = PBXFileReference; lastKnownFileType = folder.assetcatalog; path = Assets.xcassets; sourceTree = "<group>"; };
		7B1C2B9629EAEF90006E7946 /* Preview Assets.xcassets */ = {isa = PBXFileReference; lastKnownFileType = folder.assetcatalog; path = "Preview Assets.xcassets"; sourceTree = "<group>"; };
		7B1C2B9C29EAEF90006E7946 /* moviePopcornTests.xctest */ = {isa = PBXFileReference; explicitFileType = wrapper.cfbundle; includeInIndex = 0; path = moviePopcornTests.xctest; sourceTree = BUILT_PRODUCTS_DIR; };
		7B1C2BA029EAEF90006E7946 /* moviePopcornTests.swift */ = {isa = PBXFileReference; lastKnownFileType = sourcecode.swift; path = moviePopcornTests.swift; sourceTree = "<group>"; };
		7B1C2BA629EAEF90006E7946 /* moviePopcornUITests.xctest */ = {isa = PBXFileReference; explicitFileType = wrapper.cfbundle; includeInIndex = 0; path = moviePopcornUITests.xctest; sourceTree = BUILT_PRODUCTS_DIR; };
		7B1C2BAA29EAEF90006E7946 /* moviePopcornUITests.swift */ = {isa = PBXFileReference; lastKnownFileType = sourcecode.swift; path = moviePopcornUITests.swift; sourceTree = "<group>"; };
		7B1C2BAC29EAEF90006E7946 /* moviePopcornUITestsLaunchTests.swift */ = {isa = PBXFileReference; lastKnownFileType = sourcecode.swift; path = moviePopcornUITestsLaunchTests.swift; sourceTree = "<group>"; };
		7B1C2BBC29EAF15F006E7946 /* SplashScreenView.swift */ = {isa = PBXFileReference; lastKnownFileType = sourcecode.swift; path = SplashScreenView.swift; sourceTree = "<group>"; };
		7B1C2BBF29EAF198006E7946 /* BookmarkedView.swift */ = {isa = PBXFileReference; lastKnownFileType = sourcecode.swift; path = BookmarkedView.swift; sourceTree = "<group>"; };
		7B1C2BC129EAF1AF006E7946 /* MovieDetailView.swift */ = {isa = PBXFileReference; lastKnownFileType = sourcecode.swift; path = MovieDetailView.swift; sourceTree = "<group>"; };
		7B1C2BC329EAF1BA006E7946 /* SearchMoviesView.swift */ = {isa = PBXFileReference; lastKnownFileType = sourcecode.swift; path = SearchMoviesView.swift; sourceTree = "<group>"; };
		7B1C2BC629EAF1EC006E7946 /* DiscoverView.swift */ = {isa = PBXFileReference; lastKnownFileType = sourcecode.swift; path = DiscoverView.swift; sourceTree = "<group>"; };
		7B1C2BC829EAF20C006E7946 /* SlidingCard.swift */ = {isa = PBXFileReference; lastKnownFileType = sourcecode.swift; path = SlidingCard.swift; sourceTree = "<group>"; };
		7B1C2BCA29EAF227006E7946 /* SlidingView.swift */ = {isa = PBXFileReference; lastKnownFileType = sourcecode.swift; path = SlidingView.swift; sourceTree = "<group>"; };
		7B1C2BCC29EAF243006E7946 /* TrendingCard.swift */ = {isa = PBXFileReference; lastKnownFileType = sourcecode.swift; path = TrendingCard.swift; sourceTree = "<group>"; };
		7B1C2BCF29EAF2CC006E7946 /* Movie.swift */ = {isa = PBXFileReference; lastKnownFileType = sourcecode.swift; path = Movie.swift; sourceTree = "<group>"; };
		7B1C2BD129EAF2E3006E7946 /* Bookmarked.swift */ = {isa = PBXFileReference; lastKnownFileType = sourcecode.swift; path = Bookmarked.swift; sourceTree = "<group>"; };
		7B1C2BD329EAF2F5006E7946 /* MovieDetailsViewModel.swift */ = {isa = PBXFileReference; lastKnownFileType = sourcecode.swift; path = MovieDetailsViewModel.swift; sourceTree = "<group>"; };
		7B1C2BD529EAF306006E7946 /* MovieDiscoverViewModel.swift */ = {isa = PBXFileReference; lastKnownFileType = sourcecode.swift; path = MovieDiscoverViewModel.swift; sourceTree = "<group>"; };
		7B1C2BD729EAF317006E7946 /* Results.swift */ = {isa = PBXFileReference; lastKnownFileType = sourcecode.swift; path = Results.swift; sourceTree = "<group>"; };
/* End PBXFileReference section */

/* Begin PBXFrameworksBuildPhase section */
		7B1C2B8929EAEF8D006E7946 /* Frameworks */ = {
			isa = PBXFrameworksBuildPhase;
			buildActionMask = 2147483647;
			files = (
				7B1C2BBB29EAEFA0006E7946 /* SlidingTabView in Frameworks */,
			);
			runOnlyForDeploymentPostprocessing = 0;
		};
		7B1C2B9929EAEF90006E7946 /* Frameworks */ = {
			isa = PBXFrameworksBuildPhase;
			buildActionMask = 2147483647;
			files = (
			);
			runOnlyForDeploymentPostprocessing = 0;
		};
		7B1C2BA329EAEF90006E7946 /* Frameworks */ = {
			isa = PBXFrameworksBuildPhase;
			buildActionMask = 2147483647;
			files = (
			);
			runOnlyForDeploymentPostprocessing = 0;
		};
/* End PBXFrameworksBuildPhase section */

/* Begin PBXGroup section */
		7B1C2B8329EAEF8D006E7946 = {
			isa = PBXGroup;
			children = (
				7B1C2B8E29EAEF8D006E7946 /* moviePopcorn */,
				7B1C2B9F29EAEF90006E7946 /* moviePopcornTests */,
				7B1C2BA929EAEF90006E7946 /* moviePopcornUITests */,
				7B1C2B8D29EAEF8D006E7946 /* Products */,
			);
			sourceTree = "<group>";
		};
		7B1C2B8D29EAEF8D006E7946 /* Products */ = {
			isa = PBXGroup;
			children = (
				7B1C2B8C29EAEF8D006E7946 /* moviePopcorn.app */,
				7B1C2B9C29EAEF90006E7946 /* moviePopcornTests.xctest */,
				7B1C2BA629EAEF90006E7946 /* moviePopcornUITests.xctest */,
			);
			name = Products;
			sourceTree = "<group>";
		};
		7B1C2B8E29EAEF8D006E7946 /* moviePopcorn */ = {
			isa = PBXGroup;
			children = (
				7B1C2BCE29EAF2C0006E7946 /* model */,
				7B1C2BBE29EAF182006E7946 /* view */,
				7B1C2B8F29EAEF8D006E7946 /* moviePopcornApp.swift */,
				7B1C2B9129EAEF8D006E7946 /* ContentView.swift */,
				7B1C2B9329EAEF8F006E7946 /* Assets.xcassets */,
				7B1C2B9529EAEF90006E7946 /* Preview Content */,
				7B1C2BBC29EAF15F006E7946 /* SplashScreenView.swift */,
			);
			path = moviePopcorn;
			sourceTree = "<group>";
		};
		7B1C2B9529EAEF90006E7946 /* Preview Content */ = {
			isa = PBXGroup;
			children = (
				7B1C2B9629EAEF90006E7946 /* Preview Assets.xcassets */,
			);
			path = "Preview Content";
			sourceTree = "<group>";
		};
		7B1C2B9F29EAEF90006E7946 /* moviePopcornTests */ = {
			isa = PBXGroup;
			children = (
				7B1C2BA029EAEF90006E7946 /* moviePopcornTests.swift */,
			);
			path = moviePopcornTests;
			sourceTree = "<group>";
		};
		7B1C2BA929EAEF90006E7946 /* moviePopcornUITests */ = {
			isa = PBXGroup;
			children = (
				7B1C2BAA29EAEF90006E7946 /* moviePopcornUITests.swift */,
				7B1C2BAC29EAEF90006E7946 /* moviePopcornUITestsLaunchTests.swift */,
			);
			path = moviePopcornUITests;
			sourceTree = "<group>";
		};
		7B1C2BBE29EAF182006E7946 /* view */ = {
			isa = PBXGroup;
			children = (
				7B1C2BC529EAF1BF006E7946 /* DiscoverView */,
				7B1C2BBF29EAF198006E7946 /* BookmarkedView.swift */,
				7B1C2BC129EAF1AF006E7946 /* MovieDetailView.swift */,
				7B1C2BC329EAF1BA006E7946 /* SearchMoviesView.swift */,
			);
			path = view;
			sourceTree = "<group>";
		};
		7B1C2BC529EAF1BF006E7946 /* DiscoverView */ = {
			isa = PBXGroup;
			children = (
				7B1C2BC629EAF1EC006E7946 /* DiscoverView.swift */,
				7B1C2BC829EAF20C006E7946 /* SlidingCard.swift */,
				7B1C2BCA29EAF227006E7946 /* SlidingView.swift */,
				7B1C2BCC29EAF243006E7946 /* TrendingCard.swift */,
			);
			path = DiscoverView;
			sourceTree = "<group>";
		};
		7B1C2BCE29EAF2C0006E7946 /* model */ = {
			isa = PBXGroup;
			children = (
				7B1C2BCF29EAF2CC006E7946 /* Movie.swift */,
				7B1C2BD129EAF2E3006E7946 /* Bookmarked.swift */,
				7B1C2BD329EAF2F5006E7946 /* MovieDetailsViewModel.swift */,
				7B1C2BD529EAF306006E7946 /* MovieDiscoverViewModel.swift */,
				7B1C2BD729EAF317006E7946 /* Results.swift */,
			);
			path = model;
			sourceTree = "<group>";
		};
/* End PBXGroup section */

/* Begin PBXNativeTarget section */
		7B1C2B8B29EAEF8D006E7946 /* moviePopcorn */ = {
			isa = PBXNativeTarget;
			buildConfigurationList = 7B1C2BB029EAEF90006E7946 /* Build configuration list for PBXNativeTarget "moviePopcorn" */;
			buildPhases = (
				7B1C2B8829EAEF8D006E7946 /* Sources */,
				7B1C2B8929EAEF8D006E7946 /* Frameworks */,
				7B1C2B8A29EAEF8D006E7946 /* Resources */,
			);
			buildRules = (
			);
			dependencies = (
			);
			name = moviePopcorn;
			packageProductDependencies = (
				7B1C2BBA29EAEFA0006E7946 /* SlidingTabView */,
			);
			productName = moviePopcorn;
			productReference = 7B1C2B8C29EAEF8D006E7946 /* moviePopcorn.app */;
			productType = "com.apple.product-type.application";
		};
		7B1C2B9B29EAEF90006E7946 /* moviePopcornTests */ = {
			isa = PBXNativeTarget;
			buildConfigurationList = 7B1C2BB329EAEF90006E7946 /* Build configuration list for PBXNativeTarget "moviePopcornTests" */;
			buildPhases = (
				7B1C2B9829EAEF90006E7946 /* Sources */,
				7B1C2B9929EAEF90006E7946 /* Frameworks */,
				7B1C2B9A29EAEF90006E7946 /* Resources */,
			);
			buildRules = (
			);
			dependencies = (
				7B1C2B9E29EAEF90006E7946 /* PBXTargetDependency */,
			);
			name = moviePopcornTests;
			productName = moviePopcornTests;
			productReference = 7B1C2B9C29EAEF90006E7946 /* moviePopcornTests.xctest */;
			productType = "com.apple.product-type.bundle.unit-test";
		};
		7B1C2BA529EAEF90006E7946 /* moviePopcornUITests */ = {
			isa = PBXNativeTarget;
			buildConfigurationList = 7B1C2BB629EAEF90006E7946 /* Build configuration list for PBXNativeTarget "moviePopcornUITests" */;
			buildPhases = (
				7B1C2BA229EAEF90006E7946 /* Sources */,
				7B1C2BA329EAEF90006E7946 /* Frameworks */,
				7B1C2BA429EAEF90006E7946 /* Resources */,
			);
			buildRules = (
			);
			dependencies = (
				7B1C2BA829EAEF90006E7946 /* PBXTargetDependency */,
			);
			name = moviePopcornUITests;
			productName = moviePopcornUITests;
			productReference = 7B1C2BA629EAEF90006E7946 /* moviePopcornUITests.xctest */;
			productType = "com.apple.product-type.bundle.ui-testing";
		};
/* End PBXNativeTarget section */

/* Begin PBXProject section */
		7B1C2B8429EAEF8D006E7946 /* Project object */ = {
			isa = PBXProject;
			attributes = {
				BuildIndependentTargetsInParallel = 1;
				LastSwiftUpdateCheck = 1400;
				LastUpgradeCheck = 1400;
				TargetAttributes = {
					7B1C2B8B29EAEF8D006E7946 = {
						CreatedOnToolsVersion = 14.0.1;
					};
					7B1C2B9B29EAEF90006E7946 = {
						CreatedOnToolsVersion = 14.0.1;
						TestTargetID = 7B1C2B8B29EAEF8D006E7946;
					};
					7B1C2BA529EAEF90006E7946 = {
						CreatedOnToolsVersion = 14.0.1;
						TestTargetID = 7B1C2B8B29EAEF8D006E7946;
					};
				};
			};
			buildConfigurationList = 7B1C2B8729EAEF8D006E7946 /* Build configuration list for PBXProject "moviePopcorn" */;
			compatibilityVersion = "Xcode 14.0";
			developmentRegion = en;
			hasScannedForEncodings = 0;
			knownRegions = (
				en,
				Base,
			);
			mainGroup = 7B1C2B8329EAEF8D006E7946;
			packageReferences = (
				7B1C2BB929EAEFA0006E7946 /* XCRemoteSwiftPackageReference "SlidingTabView" */,
			);
			productRefGroup = 7B1C2B8D29EAEF8D006E7946 /* Products */;
			projectDirPath = "";
			projectRoot = "";
			targets = (
				7B1C2B8B29EAEF8D006E7946 /* moviePopcorn */,
				7B1C2B9B29EAEF90006E7946 /* moviePopcornTests */,
				7B1C2BA529EAEF90006E7946 /* moviePopcornUITests */,
			);
		};
/* End PBXProject section */

/* Begin PBXResourcesBuildPhase section */
		7B1C2B8A29EAEF8D006E7946 /* Resources */ = {
			isa = PBXResourcesBuildPhase;
			buildActionMask = 2147483647;
			files = (
				7B1C2B9729EAEF90006E7946 /* Preview Assets.xcassets in Resources */,
				7B1C2B9429EAEF8F006E7946 /* Assets.xcassets in Resources */,
			);
			runOnlyForDeploymentPostprocessing = 0;
		};
		7B1C2B9A29EAEF90006E7946 /* Resources */ = {
			isa = PBXResourcesBuildPhase;
			buildActionMask = 2147483647;
			files = (
			);
			runOnlyForDeploymentPostprocessing = 0;
		};
		7B1C2BA429EAEF90006E7946 /* Resources */ = {
			isa = PBXResourcesBuildPhase;
			buildActionMask = 2147483647;
			files = (
			);
			runOnlyForDeploymentPostprocessing = 0;
		};
/* End PBXResourcesBuildPhase section */

/* Begin PBXSourcesBuildPhase section */
		7B1C2B8829EAEF8D006E7946 /* Sources */ = {
			isa = PBXSourcesBuildPhase;
			buildActionMask = 2147483647;
			files = (
				7B1C2BC929EAF20C006E7946 /* SlidingCard.swift in Sources */,
				7B1C2BC229EAF1AF006E7946 /* MovieDetailView.swift in Sources */,
				7B1C2B9229EAEF8D006E7946 /* ContentView.swift in Sources */,
				7B1C2BC029EAF198006E7946 /* BookmarkedView.swift in Sources */,
				7B1C2BCD29EAF243006E7946 /* TrendingCard.swift in Sources */,
				7B1C2B9029EAEF8D006E7946 /* moviePopcornApp.swift in Sources */,
				7B1C2BD629EAF306006E7946 /* MovieDiscoverViewModel.swift in Sources */,
				7B1C2BC729EAF1EC006E7946 /* DiscoverView.swift in Sources */,
				7B1C2BCB29EAF227006E7946 /* SlidingView.swift in Sources */,
				7B1C2BD829EAF317006E7946 /* Results.swift in Sources */,
				7B1C2BD429EAF2F5006E7946 /* MovieDetailsViewModel.swift in Sources */,
				7B1C2BBD29EAF15F006E7946 /* SplashScreenView.swift in Sources */,
				7B1C2BD029EAF2CC006E7946 /* Movie.swift in Sources */,
				7B1C2BD229EAF2E3006E7946 /* Bookmarked.swift in Sources */,
				7B1C2BC429EAF1BA006E7946 /* SearchMoviesView.swift in Sources */,
			);
			runOnlyForDeploymentPostprocessing = 0;
		};
		7B1C2B9829EAEF90006E7946 /* Sources */ = {
			isa = PBXSourcesBuildPhase;
			buildActionMask = 2147483647;
			files = (
				7B1C2BA129EAEF90006E7946 /* moviePopcornTests.swift in Sources */,
			);
			runOnlyForDeploymentPostprocessing = 0;
		};
		7B1C2BA229EAEF90006E7946 /* Sources */ = {
			isa = PBXSourcesBuildPhase;
			buildActionMask = 2147483647;
			files = (
				7B1C2BAB29EAEF90006E7946 /* moviePopcornUITests.swift in Sources */,
				7B1C2BAD29EAEF90006E7946 /* moviePopcornUITestsLaunchTests.swift in Sources */,
			);
			runOnlyForDeploymentPostprocessing = 0;
		};
/* End PBXSourcesBuildPhase section */

/* Begin PBXTargetDependency section */
		7B1C2B9E29EAEF90006E7946 /* PBXTargetDependency */ = {
			isa = PBXTargetDependency;
			target = 7B1C2B8B29EAEF8D006E7946 /* moviePopcorn */;
			targetProxy = 7B1C2B9D29EAEF90006E7946 /* PBXContainerItemProxy */;
		};
		7B1C2BA829EAEF90006E7946 /* PBXTargetDependency */ = {
			isa = PBXTargetDependency;
			target = 7B1C2B8B29EAEF8D006E7946 /* moviePopcorn */;
			targetProxy = 7B1C2BA729EAEF90006E7946 /* PBXContainerItemProxy */;
		};
/* End PBXTargetDependency section */

/* Begin XCBuildConfiguration section */
		7B1C2BAE29EAEF90006E7946 /* Debug */ = {
			isa = XCBuildConfiguration;
			buildSettings = {
				ALWAYS_SEARCH_USER_PATHS = NO;
				CLANG_ANALYZER_NONNULL = YES;
				CLANG_ANALYZER_NUMBER_OBJECT_CONVERSION = YES_AGGRESSIVE;
				CLANG_CXX_LANGUAGE_STANDARD = "gnu++20";
				CLANG_ENABLE_MODULES = YES;
				CLANG_ENABLE_OBJC_ARC = YES;
				CLANG_ENABLE_OBJC_WEAK = YES;
				CLANG_WARN_BLOCK_CAPTURE_AUTORELEASING = YES;
				CLANG_WARN_BOOL_CONVERSION = YES;
				CLANG_WARN_COMMA = YES;
				CLANG_WARN_CONSTANT_CONVERSION = YES;
				CLANG_WARN_DEPRECATED_OBJC_IMPLEMENTATIONS = YES;
				CLANG_WARN_DIRECT_OBJC_ISA_USAGE = YES_ERROR;
				CLANG_WARN_DOCUMENTATION_COMMENTS = YES;
				CLANG_WARN_EMPTY_BODY = YES;
				CLANG_WARN_ENUM_CONVERSION = YES;
				CLANG_WARN_INFINITE_RECURSION = YES;
				CLANG_WARN_INT_CONVERSION = YES;
				CLANG_WARN_NON_LITERAL_NULL_CONVERSION = YES;
				CLANG_WARN_OBJC_IMPLICIT_RETAIN_SELF = YES;
				CLANG_WARN_OBJC_LITERAL_CONVERSION = YES;
				CLANG_WARN_OBJC_ROOT_CLASS = YES_ERROR;
				CLANG_WARN_QUOTED_INCLUDE_IN_FRAMEWORK_HEADER = YES;
				CLANG_WARN_RANGE_LOOP_ANALYSIS = YES;
				CLANG_WARN_STRICT_PROTOTYPES = YES;
				CLANG_WARN_SUSPICIOUS_MOVE = YES;
				CLANG_WARN_UNGUARDED_AVAILABILITY = YES_AGGRESSIVE;
				CLANG_WARN_UNREACHABLE_CODE = YES;
				CLANG_WARN__DUPLICATE_METHOD_MATCH = YES;
				COPY_PHASE_STRIP = NO;
				DEBUG_INFORMATION_FORMAT = dwarf;
				ENABLE_STRICT_OBJC_MSGSEND = YES;
				ENABLE_TESTABILITY = YES;
				GCC_C_LANGUAGE_STANDARD = gnu11;
				GCC_DYNAMIC_NO_PIC = NO;
				GCC_NO_COMMON_BLOCKS = YES;
				GCC_OPTIMIZATION_LEVEL = 0;
				GCC_PREPROCESSOR_DEFINITIONS = (
					"DEBUG=1",
					"$(inherited)",
				);
				GCC_WARN_64_TO_32_BIT_CONVERSION = YES;
				GCC_WARN_ABOUT_RETURN_TYPE = YES_ERROR;
				GCC_WARN_UNDECLARED_SELECTOR = YES;
				GCC_WARN_UNINITIALIZED_AUTOS = YES_AGGRESSIVE;
				GCC_WARN_UNUSED_FUNCTION = YES;
				GCC_WARN_UNUSED_VARIABLE = YES;
				IPHONEOS_DEPLOYMENT_TARGET = 16.0;
				MTL_ENABLE_DEBUG_INFO = INCLUDE_SOURCE;
				MTL_FAST_MATH = YES;
				ONLY_ACTIVE_ARCH = YES;
				SDKROOT = iphoneos;
				SWIFT_ACTIVE_COMPILATION_CONDITIONS = DEBUG;
				SWIFT_OPTIMIZATION_LEVEL = "-Onone";
			};
			name = Debug;
		};
		7B1C2BAF29EAEF90006E7946 /* Release */ = {
			isa = XCBuildConfiguration;
			buildSettings = {
				ALWAYS_SEARCH_USER_PATHS = NO;
				CLANG_ANALYZER_NONNULL = YES;
				CLANG_ANALYZER_NUMBER_OBJECT_CONVERSION = YES_AGGRESSIVE;
				CLANG_CXX_LANGUAGE_STANDARD = "gnu++20";
				CLANG_ENABLE_MODULES = YES;
				CLANG_ENABLE_OBJC_ARC = YES;
				CLANG_ENABLE_OBJC_WEAK = YES;
				CLANG_WARN_BLOCK_CAPTURE_AUTORELEASING = YES;
				CLANG_WARN_BOOL_CONVERSION = YES;
				CLANG_WARN_COMMA = YES;
				CLANG_WARN_CONSTANT_CONVERSION = YES;
				CLANG_WARN_DEPRECATED_OBJC_IMPLEMENTATIONS = YES;
				CLANG_WARN_DIRECT_OBJC_ISA_USAGE = YES_ERROR;
				CLANG_WARN_DOCUMENTATION_COMMENTS = YES;
				CLANG_WARN_EMPTY_BODY = YES;
				CLANG_WARN_ENUM_CONVERSION = YES;
				CLANG_WARN_INFINITE_RECURSION = YES;
				CLANG_WARN_INT_CONVERSION = YES;
				CLANG_WARN_NON_LITERAL_NULL_CONVERSION = YES;
				CLANG_WARN_OBJC_IMPLICIT_RETAIN_SELF = YES;
				CLANG_WARN_OBJC_LITERAL_CONVERSION = YES;
				CLANG_WARN_OBJC_ROOT_CLASS = YES_ERROR;
				CLANG_WARN_QUOTED_INCLUDE_IN_FRAMEWORK_HEADER = YES;
				CLANG_WARN_RANGE_LOOP_ANALYSIS = YES;
				CLANG_WARN_STRICT_PROTOTYPES = YES;
				CLANG_WARN_SUSPICIOUS_MOVE = YES;
				CLANG_WARN_UNGUARDED_AVAILABILITY = YES_AGGRESSIVE;
				CLANG_WARN_UNREACHABLE_CODE = YES;
				CLANG_WARN__DUPLICATE_METHOD_MATCH = YES;
				COPY_PHASE_STRIP = NO;
				DEBUG_INFORMATION_FORMAT = "dwarf-with-dsym";
				ENABLE_NS_ASSERTIONS = NO;
				ENABLE_STRICT_OBJC_MSGSEND = YES;
				GCC_C_LANGUAGE_STANDARD = gnu11;
				GCC_NO_COMMON_BLOCKS = YES;
				GCC_WARN_64_TO_32_BIT_CONVERSION = YES;
				GCC_WARN_ABOUT_RETURN_TYPE = YES_ERROR;
				GCC_WARN_UNDECLARED_SELECTOR = YES;
				GCC_WARN_UNINITIALIZED_AUTOS = YES_AGGRESSIVE;
				GCC_WARN_UNUSED_FUNCTION = YES;
				GCC_WARN_UNUSED_VARIABLE = YES;
				IPHONEOS_DEPLOYMENT_TARGET = 16.0;
				MTL_ENABLE_DEBUG_INFO = NO;
				MTL_FAST_MATH = YES;
				SDKROOT = iphoneos;
				SWIFT_COMPILATION_MODE = wholemodule;
				SWIFT_OPTIMIZATION_LEVEL = "-O";
				VALIDATE_PRODUCT = YES;
			};
			name = Release;
		};
		7B1C2BB129EAEF90006E7946 /* Debug */ = {
			isa = XCBuildConfiguration;
			buildSettings = {
				ASSETCATALOG_COMPILER_APPICON_NAME = AppIcon;
				ASSETCATALOG_COMPILER_GLOBAL_ACCENT_COLOR_NAME = AccentColor;
				CODE_SIGN_STYLE = Automatic;
				CURRENT_PROJECT_VERSION = 1;
				DEVELOPMENT_ASSET_PATHS = "\"moviePopcorn/Preview Content\"";
				ENABLE_PREVIEWS = YES;
				GENERATE_INFOPLIST_FILE = YES;
				INFOPLIST_KEY_UIApplicationSceneManifest_Generation = YES;
				INFOPLIST_KEY_UIApplicationSupportsIndirectInputEvents = YES;
				INFOPLIST_KEY_UILaunchScreen_Generation = YES;
				INFOPLIST_KEY_UISupportedInterfaceOrientations_iPad = "UIInterfaceOrientationPortrait UIInterfaceOrientationPortraitUpsideDown UIInterfaceOrientationLandscapeLeft UIInterfaceOrientationLandscapeRight";
				INFOPLIST_KEY_UISupportedInterfaceOrientations_iPhone = "UIInterfaceOrientationPortrait UIInterfaceOrientationLandscapeLeft UIInterfaceOrientationLandscapeRight";
				LD_RUNPATH_SEARCH_PATHS = (
					"$(inherited)",
					"@executable_path/Frameworks",
				);
				MARKETING_VERSION = 1.0;
				PRODUCT_BUNDLE_IDENTIFIER = domaci.moviePopcorn;
				PRODUCT_NAME = "$(TARGET_NAME)";
				SWIFT_EMIT_LOC_STRINGS = YES;
				SWIFT_VERSION = 5.0;
				TARGETED_DEVICE_FAMILY = "1,2";
			};
			name = Debug;
		};
		7B1C2BB229EAEF90006E7946 /* Release */ = {
			isa = XCBuildConfiguration;
			buildSettings = {
				ASSETCATALOG_COMPILER_APPICON_NAME = AppIcon;
				ASSETCATALOG_COMPILER_GLOBAL_ACCENT_COLOR_NAME = AccentColor;
				CODE_SIGN_STYLE = Automatic;
				CURRENT_PROJECT_VERSION = 1;
				DEVELOPMENT_ASSET_PATHS = "\"moviePopcorn/Preview Content\"";
				ENABLE_PREVIEWS = YES;
				GENERATE_INFOPLIST_FILE = YES;
				INFOPLIST_KEY_UIApplicationSceneManifest_Generation = YES;
				INFOPLIST_KEY_UIApplicationSupportsIndirectInputEvents = YES;
				INFOPLIST_KEY_UILaunchScreen_Generation = YES;
				INFOPLIST_KEY_UISupportedInterfaceOrientations_iPad = "UIInterfaceOrientationPortrait UIInterfaceOrientationPortraitUpsideDown UIInterfaceOrientationLandscapeLeft UIInterfaceOrientationLandscapeRight";
				INFOPLIST_KEY_UISupportedInterfaceOrientations_iPhone = "UIInterfaceOrientationPortrait UIInterfaceOrientationLandscapeLeft UIInterfaceOrientationLandscapeRight";
				LD_RUNPATH_SEARCH_PATHS = (
					"$(inherited)",
					"@executable_path/Frameworks",
				);
				MARKETING_VERSION = 1.0;
				PRODUCT_BUNDLE_IDENTIFIER = domaci.moviePopcorn;
				PRODUCT_NAME = "$(TARGET_NAME)";
				SWIFT_EMIT_LOC_STRINGS = YES;
				SWIFT_VERSION = 5.0;
				TARGETED_DEVICE_FAMILY = "1,2";
			};
			name = Release;
		};
		7B1C2BB429EAEF90006E7946 /* Debug */ = {
			isa = XCBuildConfiguration;
			buildSettings = {
				ALWAYS_EMBED_SWIFT_STANDARD_LIBRARIES = YES;
				BUNDLE_LOADER = "$(TEST_HOST)";
				CODE_SIGN_STYLE = Automatic;
				CURRENT_PROJECT_VERSION = 1;
				GENERATE_INFOPLIST_FILE = YES;
				IPHONEOS_DEPLOYMENT_TARGET = 16.0;
				MARKETING_VERSION = 1.0;
				PRODUCT_BUNDLE_IDENTIFIER = domaci.moviePopcornTests;
				PRODUCT_NAME = "$(TARGET_NAME)";
				SWIFT_EMIT_LOC_STRINGS = NO;
				SWIFT_VERSION = 5.0;
				TARGETED_DEVICE_FAMILY = "1,2";
				TEST_HOST = "$(BUILT_PRODUCTS_DIR)/moviePopcorn.app/$(BUNDLE_EXECUTABLE_FOLDER_PATH)/moviePopcorn";
			};
			name = Debug;
		};
		7B1C2BB529EAEF90006E7946 /* Release */ = {
			isa = XCBuildConfiguration;
			buildSettings = {
				ALWAYS_EMBED_SWIFT_STANDARD_LIBRARIES = YES;
				BUNDLE_LOADER = "$(TEST_HOST)";
				CODE_SIGN_STYLE = Automatic;
				CURRENT_PROJECT_VERSION = 1;
				GENERATE_INFOPLIST_FILE = YES;
				IPHONEOS_DEPLOYMENT_TARGET = 16.0;
				MARKETING_VERSION = 1.0;
				PRODUCT_BUNDLE_IDENTIFIER = domaci.moviePopcornTests;
				PRODUCT_NAME = "$(TARGET_NAME)";
				SWIFT_EMIT_LOC_STRINGS = NO;
				SWIFT_VERSION = 5.0;
				TARGETED_DEVICE_FAMILY = "1,2";
				TEST_HOST = "$(BUILT_PRODUCTS_DIR)/moviePopcorn.app/$(BUNDLE_EXECUTABLE_FOLDER_PATH)/moviePopcorn";
			};
			name = Release;
		};
		7B1C2BB729EAEF90006E7946 /* Debug */ = {
			isa = XCBuildConfiguration;
			buildSettings = {
				ALWAYS_EMBED_SWIFT_STANDARD_LIBRARIES = YES;
				CODE_SIGN_STYLE = Automatic;
				CURRENT_PROJECT_VERSION = 1;
				GENERATE_INFOPLIST_FILE = YES;
				MARKETING_VERSION = 1.0;
				PRODUCT_BUNDLE_IDENTIFIER = domaci.moviePopcornUITests;
				PRODUCT_NAME = "$(TARGET_NAME)";
				SWIFT_EMIT_LOC_STRINGS = NO;
				SWIFT_VERSION = 5.0;
				TARGETED_DEVICE_FAMILY = "1,2";
				TEST_TARGET_NAME = moviePopcorn;
			};
			name = Debug;
		};
		7B1C2BB829EAEF90006E7946 /* Release */ = {
			isa = XCBuildConfiguration;
			buildSettings = {
				ALWAYS_EMBED_SWIFT_STANDARD_LIBRARIES = YES;
				CODE_SIGN_STYLE = Automatic;
				CURRENT_PROJECT_VERSION = 1;
				GENERATE_INFOPLIST_FILE = YES;
				MARKETING_VERSION = 1.0;
				PRODUCT_BUNDLE_IDENTIFIER = domaci.moviePopcornUITests;
				PRODUCT_NAME = "$(TARGET_NAME)";
				SWIFT_EMIT_LOC_STRINGS = NO;
				SWIFT_VERSION = 5.0;
				TARGETED_DEVICE_FAMILY = "1,2";
				TEST_TARGET_NAME = moviePopcorn;
			};
			name = Release;
		};
/* End XCBuildConfiguration section */

/* Begin XCConfigurationList section */
		7B1C2B8729EAEF8D006E7946 /* Build configuration list for PBXProject "moviePopcorn" */ = {
			isa = XCConfigurationList;
			buildConfigurations = (
				7B1C2BAE29EAEF90006E7946 /* Debug */,
				7B1C2BAF29EAEF90006E7946 /* Release */,
			);
			defaultConfigurationIsVisible = 0;
			defaultConfigurationName = Release;
		};
		7B1C2BB029EAEF90006E7946 /* Build configuration list for PBXNativeTarget "moviePopcorn" */ = {
			isa = XCConfigurationList;
			buildConfigurations = (
				7B1C2BB129EAEF90006E7946 /* Debug */,
				7B1C2BB229EAEF90006E7946 /* Release */,
			);
			defaultConfigurationIsVisible = 0;
			defaultConfigurationName = Release;
		};
		7B1C2BB329EAEF90006E7946 /* Build configuration list for PBXNativeTarget "moviePopcornTests" */ = {
			isa = XCConfigurationList;
			buildConfigurations = (
				7B1C2BB429EAEF90006E7946 /* Debug */,
				7B1C2BB529EAEF90006E7946 /* Release */,
			);
			defaultConfigurationIsVisible = 0;
			defaultConfigurationName = Release;
		};
		7B1C2BB629EAEF90006E7946 /* Build configuration list for PBXNativeTarget "moviePopcornUITests" */ = {
			isa = XCConfigurationList;
			buildConfigurations = (
				7B1C2BB729EAEF90006E7946 /* Debug */,
				7B1C2BB829EAEF90006E7946 /* Release */,
			);
			defaultConfigurationIsVisible = 0;
			defaultConfigurationName = Release;
		};
/* End XCConfigurationList section */

/* Begin XCRemoteSwiftPackageReference section */
		7B1C2BB929EAEFA0006E7946 /* XCRemoteSwiftPackageReference "SlidingTabView" */ = {
			isa = XCRemoteSwiftPackageReference;
			repositoryURL = "https://github.com/QuynhNguyen/SlidingTabView.git";
			requirement = {
				branch = master;
				kind = branch;
			};
		};
/* End XCRemoteSwiftPackageReference section */

/* Begin XCSwiftPackageProductDependency section */
		7B1C2BBA29EAEFA0006E7946 /* SlidingTabView */ = {
			isa = XCSwiftPackageProductDependency;
			package = 7B1C2BB929EAEFA0006E7946 /* XCRemoteSwiftPackageReference "SlidingTabView" */;
			productName = SlidingTabView;
		};
/* End XCSwiftPackageProductDependency section */
	};
	rootObject = 7B1C2B8429EAEF8D006E7946 /* Project object */;
}
